{
  "name": "asdf",
  "version": "1.0.0",
  "lockfileVersion": 3,
  "requires": true,
  "packages": {
    "": {
      "name": "asdf",
      "version": "1.0.0",
      "license": "ISC",
      "dependencies": {
        "is-valid-http-url": "^1.0.3"
      }
    },
    "node_modules/is-valid-http-url": {
      "version": "1.0.3",
      "resolved": "https://registry.npmjs.org/is-valid-http-url/-/is-valid-http-url-1.0.3.tgz",
      "integrity": "sha512-lrPp25k/Ft3HdusDBdXqne9lNKDtN0HWIHNuC9cfzuFBLlay/gyQeBJukUR1smjyp+zw+gJ5E9wHonpcE9kiCQ==",
      "license": "MIT",
      "engines": {
        "node": ">=6"
      }
    }
  }
}
